Microsoft Visual Studio Solution File, Format Version 12.00
# Visual Studio Version 17
VisualStudioVersion = 17.5.2.0
MinimumVisualStudioVersion = 10.0.40219.1
Project("{FAE04EC0-301F-11D3-BF4B-00C04F79EFBC}") = "AokanaAccess", "AokanaAccess.csproj", "{522CA6B0-BCC3-B2B9-47AC-F73E7A2578D7}"
EndProject
Global
	GlobalSection(SolutionConfigurationPlatforms) = preSolution
		Debug|Any CPU = Debug|Any CPU
		Release|Any CPU = Release|Any CPU
	EndGlobalSection
	GlobalSection(ProjectConfigurationPlatforms) = postSolution
		{522CA6B0-BCC3-B2B9-47AC-F73E7A2578D7}.Debug|Any CPU.ActiveCfg = Debug|Any CPU
		{522CA6B0-BCC3-B2B9-47AC-F73E7A2578D7}.Debug|Any CPU.Build.0 = Debug|Any CPU
		{522CA6B0-BCC3-B2B9-47AC-F73E7A2578D7}.Release|Any CPU.ActiveCfg = Release|Any CPU
		{522CA6B0-BCC3-B2B9-47AC-F73E7A2578D7}.Release|Any CPU.Build.0 = Release|Any CPU
	EndGlobalSection
	GlobalSection(SolutionProperties) = preSolution
		HideSolutionNode = FALSE
	EndGlobalSection
	GlobalSection(ExtensibilityGlobals) = postSolution
		SolutionGuid = {8FD768B0-1B0E-462D-A229-BCC4D3B3734D}
	EndGlobalSection
EndGlobal
